
Microsoft Visual Studio Solution File, Format Version 12.00
# Visual Studio 15
VisualStudioVersion = 15.0.28307.1340
MinimumVisualStudioVersion = 10.0.40219.1
Project("{FAE04EC0-301F-11D3-BF4B-00C04F79EFBC}") = "Diatom", "Diatom\Diatom.csproj", "{8CE4EFD6-E9F3-431E-8FB5-F29EE0B05B36}"
EndProject
Global
	GlobalSection(SolutionConfigurationPlatforms) = preSolution
		Debug|Any CPU = Debug|Any CPU
		Release|Any CPU = Release|Any CPU
	EndGlobalSection
	GlobalSection(ProjectConfigurationPlatforms) = postSolution
		{8CE4EFD6-E9F3-431E-8FB5-F29EE0B05B36}.Debug|Any CPU.ActiveCfg = Debug|Any CPU
		{8CE4EFD6-E9F3-431E-8FB5-F29EE0B05B36}.Debug|Any CPU.Build.0 = Debug|Any CPU
		{8CE4EFD6-E9F3-431E-8FB5-F29EE0B05B36}.Release|Any CPU.ActiveCfg = Release|Any CPU
		{8CE4EFD6-E9F3-431E-8FB5-F29EE0B05B36}.Release|Any CPU.Build.0 = Release|Any CPU
	EndGlobalSection
	GlobalSection(SolutionProperties) = preSolution
		HideSolutionNode = FALSE
	EndGlobalSection
	GlobalSection(ExtensibilityGlobals) = postSolution
		SolutionGuid = {2CFCF164-8599-4CA7-940F-3999974FEEA8}
	EndGlobalSection
EndGlobal
